{
  "pins" : [
    {
      "identity" : "ztcorekit-ios-sdk",
      "kind" : "remoteSourceControl",
      "location" : "https://github.com/zhortech/ztcorekit-ios-sdk.git",
      "state" : {
        "revision" : "0e9e0fd59103904d629c565d563d5928f3b2ae87",
        "version" : "2.0.43"
      }
    }
  ],
  "version" : 2
}
