{
  "object": {
    "pins": [
      {
        "package": "ZTCoreKit",
        "repositoryURL": "https://github.com/zhortech/ztcorekit-ios-sdk.git",
        "state": {
          "branch": null,
          "revision": "88a1bb4c87ccedba54d93fea626b259bd9d82921",
          "version": "1.1.92"
        }
      }
    ]
  },
  "version": 1
}
