{
  "object": {
    "pins": [
      {
        "package": "ZTCoreKit",
        "repositoryURL": "https://github.com/zhortech/ztcorekit-ios-sdk.git",
        "state": {
          "branch": null,
          "revision": "4dabb7c1606102bf9c104c70107cc57385943c38",
          "version": "1.1.74"
        }
      }
    ]
  },
  "version": 1
}
